
Microsoft Visual Studio Solution File, Format Version 12.00
# Visual Studio Version 17
VisualStudioVersion = 17.10.35013.160
MinimumVisualStudioVersion = 10.0.40219.1
Project("{FAE04EC0-301F-11D3-BF4B-00C04F79EFBC}") = "UI", "UI\UI.csproj", "{D23BF039-5352-4828-B883-F60076926A1E}"
EndProject
Project("{FAE04EC0-301F-11D3-BF4B-00C04F79EFBC}") = "DAL", "DAL\DAL.csproj", "{9770C2F5-D073-4133-8A83-491CF5743423}"
EndProject
Project("{FAE04EC0-301F-11D3-BF4B-00C04F79EFBC}") = "BLL", "BLL\BLL.csproj", "{DB332253-AE48-4C68-A8B6-248C15666EE1}"
EndProject
Project("{FAE04EC0-301F-11D3-BF4B-00C04F79EFBC}") = "Entity", "Entity\Entity.csproj", "{D630A15F-3EC0-45A4-8D9D-01826888EBF6}"
EndProject
Project("{FAE04EC0-301F-11D3-BF4B-00C04F79EFBC}") = "Mapper", "Mapper\Mapper.csproj", "{2B67745D-FA15-48B4-A3F1-2C8F0B366DDB}"
EndProject
Global
	GlobalSection(SolutionConfigurationPlatforms) = preSolution
		Debug|Any CPU = Debug|Any CPU
		Release|Any CPU = Release|Any CPU
	EndGlobalSection
	GlobalSection(ProjectConfigurationPlatforms) = postSolution
		{D23BF039-5352-4828-B883-F60076926A1E}.Debug|Any CPU.ActiveCfg = Debug|Any CPU
		{D23BF039-5352-4828-B883-F60076926A1E}.Debug|Any CPU.Build.0 = Debug|Any CPU
		{D23BF039-5352-4828-B883-F60076926A1E}.Release|Any CPU.ActiveCfg = Release|Any CPU
		{D23BF039-5352-4828-B883-F60076926A1E}.Release|Any CPU.Build.0 = Release|Any CPU
		{9770C2F5-D073-4133-8A83-491CF5743423}.Debug|Any CPU.ActiveCfg = Debug|Any CPU
		{9770C2F5-D073-4133-8A83-491CF5743423}.Debug|Any CPU.Build.0 = Debug|Any CPU
		{9770C2F5-D073-4133-8A83-491CF5743423}.Release|Any CPU.ActiveCfg = Release|Any CPU
		{9770C2F5-D073-4133-8A83-491CF5743423}.Release|Any CPU.Build.0 = Release|Any CPU
		{DB332253-AE48-4C68-A8B6-248C15666EE1}.Debug|Any CPU.ActiveCfg = Debug|Any CPU
		{DB332253-AE48-4C68-A8B6-248C15666EE1}.Debug|Any CPU.Build.0 = Debug|Any CPU
		{DB332253-AE48-4C68-A8B6-248C15666EE1}.Release|Any CPU.ActiveCfg = Release|Any CPU
		{DB332253-AE48-4C68-A8B6-248C15666EE1}.Release|Any CPU.Build.0 = Release|Any CPU
		{D630A15F-3EC0-45A4-8D9D-01826888EBF6}.Debug|Any CPU.ActiveCfg = Debug|Any CPU
		{D630A15F-3EC0-45A4-8D9D-01826888EBF6}.Debug|Any CPU.Build.0 = Debug|Any CPU
		{D630A15F-3EC0-45A4-8D9D-01826888EBF6}.Release|Any CPU.ActiveCfg = Release|Any CPU
		{D630A15F-3EC0-45A4-8D9D-01826888EBF6}.Release|Any CPU.Build.0 = Release|Any CPU
		{2B67745D-FA15-48B4-A3F1-2C8F0B366DDB}.Debug|Any CPU.ActiveCfg = Debug|Any CPU
		{2B67745D-FA15-48B4-A3F1-2C8F0B366DDB}.Debug|Any CPU.Build.0 = Debug|Any CPU
		{2B67745D-FA15-48B4-A3F1-2C8F0B366DDB}.Release|Any CPU.ActiveCfg = Release|Any CPU
		{2B67745D-FA15-48B4-A3F1-2C8F0B366DDB}.Release|Any CPU.Build.0 = Release|Any CPU
	EndGlobalSection
	GlobalSection(SolutionProperties) = preSolution
		HideSolutionNode = FALSE
	EndGlobalSection
	GlobalSection(ExtensibilityGlobals) = postSolution
		SolutionGuid = {2252DA2C-98B0-49F9-B798-F40BCAF9A91A}
	EndGlobalSection
EndGlobal
